{
    "version": "0.5",
    "requires": [
        "uv/1.51.0@timbre#53c1db2a4224e4533dfef20754ee121a%1766015468.46875",
        "utfcpp/4.0.6@timbre#8fa91688bbde8d399074e2c4f4875acc%1766015409.894347",
        "tempo/0.0.1#778fbd141c453c56bae52c9b9da9e928ae05e421",
        "sqlite/3.49.2@timbre#23bd62634985d637c83955944e2263c6%1766015367.37579",
        "rocksdb/10.4.2@timbre#19ede752ed7fecf10dce99c651e5d3a0%1766025724.489338",
        "re2/20210901.1@timbre#3ef42c41171ae552bb60d1c33f63567c%1766014551.767575",
        "rapidjson/20250205.1@timbre#fe6fca5b54b376e09438f22140d1051e%1766014431.839301",
        "openssl/3.5.2@timbre#e15dd16e22df5db4a1eb0db52ac33dd0%1766013308.16403",
        "mustache/20250614.1@timbre#d49a5ab6455411dccce5aee2a2f4130e%1768589418.5385752",
        "lief/0.17.1@timbre#2fb6a3cca955ae8b67a37b45f3d0ebd4%1767067927.048353",
        "libedit/20250104.1@timbre#ffdc8c9142f6ec4b56df4eec094bc7d6%1766012944.513822",
        "jemalloc/5.3.0@timbre#2457dc8b60a1e34ad4ae25e034b084a4%1766012837.525446",
        "icu/77.1@timbre#afb40747670398ab61b6fb0402f9a0b5%1766012743.712531",
        "hdrhistogram/0.11.9@timbre#fea4fa58217debd8cc45a0c583f504f3%1766012569.395726",
        "gtest/1.17.0@timbre#cf24da265d05cff778783ef6c527903d%1766012512.422195",
        "fmt/12.0.0@timbre#f5fffc8496df3a2ebdf71d19087cc6bb%1766012383.39988",
        "flatbuffers/25.2.10@timbre#7ccc250e21e3de781420943cf30c9eab%1766012292.148743",
        "curl/8.15.0@timbre#b41a6bdfe29c404a742da8a6f3acc75f%1766099453.173942",
        "croaring/4.4.3@timbre#45800d9ab18b4101c842c65b2c96131c%1766012163.845468",
        "cares/1.34.6@timbre#f1d5c1fa41e8aa498dd222d5fcea6b54%1766099053.662212",
        "boost/1.88.0@timbre#c0112f98f4ba2aab9fc3104a089f7279%1766011826.728667",
        "antlr/4.13.2@timbre#9831b7c3832dc170c82395637873a19e%1766024893.906327",
        "absl/20250127.1@timbre#b772797d7e2639ee3077812ff0b7c937%1766017141.442776"
    ],
    "build_requires": [],
    "python_requires": [],
    "config_requires": []
}
